
Microsoft Visual Studio Solution File, Format Version 12.00
# Visual Studio Version 16
VisualStudioVersion = 16.0.30804.86
MinimumVisualStudioVersion = 10.0.40219.1
Project("{2150E333-8FDC-42A3-9474-1A3956D46DE8}") = "Src", "Src", "{F1815C00-E669-43A5-996C-5D8BE4612F57}"
EndProject
Project("{2150E333-8FDC-42A3-9474-1A3956D46DE8}") = "Domain", "Domain", "{B3DABBD2-CAF5-4505-B5EC-116A1B55C46B}"
EndProject
Project("{FAE04EC0-301F-11D3-BF4B-00C04F79EFBC}") = "DDDNLayer.Domain", "DDDNLayer.Domain\DDDNLayer.Domain.csproj", "{2FD11754-1417-4516-919C-39A1D76C0658}"
EndProject
Project("{FAE04EC0-301F-11D3-BF4B-00C04F79EFBC}") = "DDDNLayer.Domain.Core", "DDDNLayer.Domain.Core\DDDNLayer.Domain.Core.csproj", "{FE38017C-2A2E-4E34-8A30-4B8A701CEF70}"
EndProject
Project("{2150E333-8FDC-42A3-9474-1A3956D46DE8}") = "Infrastructure", "Infrastructure", "{BB03AE42-DB33-4CEA-A10D-AEE97EBE86B0}"
EndProject
Project("{FAE04EC0-301F-11D3-BF4B-00C04F79EFBC}") = "DDDNLayer.Data", "DDDNLayer.Data\DDDNLayer.Data.csproj", "{E300CC7D-4E6F-46C3-A7DE-E3709A65C295}"
EndProject
Global
	GlobalSection(SolutionConfigurationPlatforms) = preSolution
		Debug|Any CPU = Debug|Any CPU
		Release|Any CPU = Release|Any CPU
	EndGlobalSection
	GlobalSection(ProjectConfigurationPlatforms) = postSolution
		{2FD11754-1417-4516-919C-39A1D76C0658}.Debug|Any CPU.ActiveCfg = Debug|Any CPU
		{2FD11754-1417-4516-919C-39A1D76C0658}.Debug|Any CPU.Build.0 = Debug|Any CPU
		{2FD11754-1417-4516-919C-39A1D76C0658}.Release|Any CPU.ActiveCfg = Release|Any CPU
		{2FD11754-1417-4516-919C-39A1D76C0658}.Release|Any CPU.Build.0 = Release|Any CPU
		{FE38017C-2A2E-4E34-8A30-4B8A701CEF70}.Debug|Any CPU.ActiveCfg = Debug|Any CPU
		{FE38017C-2A2E-4E34-8A30-4B8A701CEF70}.Debug|Any CPU.Build.0 = Debug|Any CPU
		{FE38017C-2A2E-4E34-8A30-4B8A701CEF70}.Release|Any CPU.ActiveCfg = Release|Any CPU
		{FE38017C-2A2E-4E34-8A30-4B8A701CEF70}.Release|Any CPU.Build.0 = Release|Any CPU
		{E300CC7D-4E6F-46C3-A7DE-E3709A65C295}.Debug|Any CPU.ActiveCfg = Debug|Any CPU
		{E300CC7D-4E6F-46C3-A7DE-E3709A65C295}.Debug|Any CPU.Build.0 = Debug|Any CPU
		{E300CC7D-4E6F-46C3-A7DE-E3709A65C295}.Release|Any CPU.ActiveCfg = Release|Any CPU
		{E300CC7D-4E6F-46C3-A7DE-E3709A65C295}.Release|Any CPU.Build.0 = Release|Any CPU
	EndGlobalSection
	GlobalSection(SolutionProperties) = preSolution
		HideSolutionNode = FALSE
	EndGlobalSection
	GlobalSection(NestedProjects) = preSolution
		{B3DABBD2-CAF5-4505-B5EC-116A1B55C46B} = {F1815C00-E669-43A5-996C-5D8BE4612F57}
		{2FD11754-1417-4516-919C-39A1D76C0658} = {B3DABBD2-CAF5-4505-B5EC-116A1B55C46B}
		{FE38017C-2A2E-4E34-8A30-4B8A701CEF70} = {B3DABBD2-CAF5-4505-B5EC-116A1B55C46B}
		{BB03AE42-DB33-4CEA-A10D-AEE97EBE86B0} = {F1815C00-E669-43A5-996C-5D8BE4612F57}
		{E300CC7D-4E6F-46C3-A7DE-E3709A65C295} = {BB03AE42-DB33-4CEA-A10D-AEE97EBE86B0}
	EndGlobalSection
	GlobalSection(ExtensibilityGlobals) = postSolution
		SolutionGuid = {D83F9908-989E-493E-B3EE-F842F89223D8}
	EndGlobalSection
EndGlobal
